
Microsoft Visual Studio Solution File, Format Version 12.00
# Visual Studio Version 16
VisualStudioVersion = 16.0.808.4
MinimumVisualStudioVersion = 10.0.40219.1
Project("{FAE04EC0-301F-11D3-BF4B-00C04F79EFBC}") = "xf.exercise.atm.Android", "xf.exercise.atm.Android\xf.exercise.atm.Android.csproj", "{02250825-F0B3-42AA-BD1C-1528F3B8A49D}"
EndProject
Project("{FAE04EC0-301F-11D3-BF4B-00C04F79EFBC}") = "xf.exercise.atm.iOS", "xf.exercise.atm.iOS\xf.exercise.atm.iOS.csproj", "{0E46BA5D-9E1C-4C95-8ED4-CC409D0B9240}"
EndProject
Project("{FAE04EC0-301F-11D3-BF4B-00C04F79EFBC}") = "xf.exercise.atm.UITests", "xf.exercise.atm.UITests\xf.exercise.atm.UITests.csproj", "{87C7389D-5917-4C4A-B2E2-793F4D5A11B4}"
EndProject
Project("{FAE04EC0-301F-11D3-BF4B-00C04F79EFBC}") = "xf.exercise.atm", "xf.exercise.atm\xf.exercise.atm.csproj", "{82AD224C-FB30-42F1-B1EB-6443E46205A7}"
EndProject
Global
	GlobalSection(SolutionConfigurationPlatforms) = preSolution
		Debug|Any CPU = Debug|Any CPU
		Release|Any CPU = Release|Any CPU
		Debug|iPhoneSimulator = Debug|iPhoneSimulator
		Release|iPhoneSimulator = Release|iPhoneSimulator
		Debug|iPhone = Debug|iPhone
		Release|iPhone = Release|iPhone
	EndGlobalSection
	GlobalSection(ProjectConfigurationPlatforms) = postSolution
		{02250825-F0B3-42AA-BD1C-1528F3B8A49D}.Debug|Any CPU.ActiveCfg = Debug|Any CPU
		{02250825-F0B3-42AA-BD1C-1528F3B8A49D}.Debug|Any CPU.Build.0 = Debug|Any CPU
		{02250825-F0B3-42AA-BD1C-1528F3B8A49D}.Release|Any CPU.ActiveCfg = Release|Any CPU
		{02250825-F0B3-42AA-BD1C-1528F3B8A49D}.Release|Any CPU.Build.0 = Release|Any CPU
		{02250825-F0B3-42AA-BD1C-1528F3B8A49D}.Debug|iPhoneSimulator.ActiveCfg = Debug|Any CPU
		{02250825-F0B3-42AA-BD1C-1528F3B8A49D}.Debug|iPhoneSimulator.Build.0 = Debug|Any CPU
		{02250825-F0B3-42AA-BD1C-1528F3B8A49D}.Release|iPhoneSimulator.ActiveCfg = Release|Any CPU
		{02250825-F0B3-42AA-BD1C-1528F3B8A49D}.Release|iPhoneSimulator.Build.0 = Release|Any CPU
		{02250825-F0B3-42AA-BD1C-1528F3B8A49D}.Debug|iPhone.ActiveCfg = Debug|Any CPU
		{02250825-F0B3-42AA-BD1C-1528F3B8A49D}.Debug|iPhone.Build.0 = Debug|Any CPU
		{02250825-F0B3-42AA-BD1C-1528F3B8A49D}.Release|iPhone.ActiveCfg = Release|Any CPU
		{02250825-F0B3-42AA-BD1C-1528F3B8A49D}.Release|iPhone.Build.0 = Release|Any CPU
		{0E46BA5D-9E1C-4C95-8ED4-CC409D0B9240}.Debug|Any CPU.ActiveCfg = Debug|iPhoneSimulator
		{0E46BA5D-9E1C-4C95-8ED4-CC409D0B9240}.Debug|Any CPU.Build.0 = Debug|iPhoneSimulator
		{0E46BA5D-9E1C-4C95-8ED4-CC409D0B9240}.Release|Any CPU.ActiveCfg = Release|iPhoneSimulator
		{0E46BA5D-9E1C-4C95-8ED4-CC409D0B9240}.Release|Any CPU.Build.0 = Release|iPhoneSimulator
		{0E46BA5D-9E1C-4C95-8ED4-CC409D0B9240}.Debug|iPhoneSimulator.ActiveCfg = Debug|iPhoneSimulator
		{0E46BA5D-9E1C-4C95-8ED4-CC409D0B9240}.Debug|iPhoneSimulator.Build.0 = Debug|iPhoneSimulator
		{0E46BA5D-9E1C-4C95-8ED4-CC409D0B9240}.Release|iPhoneSimulator.ActiveCfg = Release|iPhoneSimulator
		{0E46BA5D-9E1C-4C95-8ED4-CC409D0B9240}.Release|iPhoneSimulator.Build.0 = Release|iPhoneSimulator
		{0E46BA5D-9E1C-4C95-8ED4-CC409D0B9240}.Debug|iPhone.ActiveCfg = Debug|iPhone
		{0E46BA5D-9E1C-4C95-8ED4-CC409D0B9240}.Debug|iPhone.Build.0 = Debug|iPhone
		{0E46BA5D-9E1C-4C95-8ED4-CC409D0B9240}.Release|iPhone.ActiveCfg = Release|iPhone
		{0E46BA5D-9E1C-4C95-8ED4-CC409D0B9240}.Release|iPhone.Build.0 = Release|iPhone
		{87C7389D-5917-4C4A-B2E2-793F4D5A11B4}.Debug|Any CPU.ActiveCfg = Debug|Any CPU
		{87C7389D-5917-4C4A-B2E2-793F4D5A11B4}.Debug|Any CPU.Build.0 = Debug|Any CPU
		{87C7389D-5917-4C4A-B2E2-793F4D5A11B4}.Release|Any CPU.ActiveCfg = Release|Any CPU
		{87C7389D-5917-4C4A-B2E2-793F4D5A11B4}.Release|Any CPU.Build.0 = Release|Any CPU
		{87C7389D-5917-4C4A-B2E2-793F4D5A11B4}.Debug|iPhoneSimulator.ActiveCfg = Debug|Any CPU
		{87C7389D-5917-4C4A-B2E2-793F4D5A11B4}.Debug|iPhoneSimulator.Build.0 = Debug|Any CPU
		{87C7389D-5917-4C4A-B2E2-793F4D5A11B4}.Release|iPhoneSimulator.ActiveCfg = Release|Any CPU
		{87C7389D-5917-4C4A-B2E2-793F4D5A11B4}.Release|iPhoneSimulator.Build.0 = Release|Any CPU
		{87C7389D-5917-4C4A-B2E2-793F4D5A11B4}.Debug|iPhone.ActiveCfg = Debug|Any CPU
		{87C7389D-5917-4C4A-B2E2-793F4D5A11B4}.Debug|iPhone.Build.0 = Debug|Any CPU
		{87C7389D-5917-4C4A-B2E2-793F4D5A11B4}.Release|iPhone.ActiveCfg = Release|Any CPU
		{87C7389D-5917-4C4A-B2E2-793F4D5A11B4}.Release|iPhone.Build.0 = Release|Any CPU
		{82AD224C-FB30-42F1-B1EB-6443E46205A7}.Debug|Any CPU.ActiveCfg = Debug|Any CPU
		{82AD224C-FB30-42F1-B1EB-6443E46205A7}.Debug|Any CPU.Build.0 = Debug|Any CPU
		{82AD224C-FB30-42F1-B1EB-6443E46205A7}.Release|Any CPU.ActiveCfg = Release|Any CPU
		{82AD224C-FB30-42F1-B1EB-6443E46205A7}.Release|Any CPU.Build.0 = Release|Any CPU
		{82AD224C-FB30-42F1-B1EB-6443E46205A7}.Debug|iPhoneSimulator.ActiveCfg = Debug|Any CPU
		{82AD224C-FB30-42F1-B1EB-6443E46205A7}.Debug|iPhoneSimulator.Build.0 = Debug|Any CPU
		{82AD224C-FB30-42F1-B1EB-6443E46205A7}.Release|iPhoneSimulator.ActiveCfg = Release|Any CPU
		{82AD224C-FB30-42F1-B1EB-6443E46205A7}.Release|iPhoneSimulator.Build.0 = Release|Any CPU
		{82AD224C-FB30-42F1-B1EB-6443E46205A7}.Debug|iPhone.ActiveCfg = Debug|Any CPU
		{82AD224C-FB30-42F1-B1EB-6443E46205A7}.Debug|iPhone.Build.0 = Debug|Any CPU
		{82AD224C-FB30-42F1-B1EB-6443E46205A7}.Release|iPhone.ActiveCfg = Release|Any CPU
		{82AD224C-FB30-42F1-B1EB-6443E46205A7}.Release|iPhone.Build.0 = Release|Any CPU
	EndGlobalSection
	GlobalSection(SolutionProperties) = preSolution
		HideSolutionNode = FALSE
	EndGlobalSection
	GlobalSection(ExtensibilityGlobals) = postSolution
		SolutionGuid = {4811702D-D5CF-49DF-B3D3-CEA1A685702B}
	EndGlobalSection
EndGlobal
